
Microsoft Visual Studio Solution File, Format Version 12.00
# Visual Studio Version 16
VisualStudioVersion = 16.0.31005.135
MinimumVisualStudioVersion = 10.0.40219.1
Project("{9A19103F-16F7-4668-BE54-9A1E7A4F7556}") = "LineBot", "LineBot\LineBot.csproj", "{D80728BF-D83D-4617-87D5-AB11145C4CAF}"
EndProject
Project("{FAE04EC0-301F-11D3-BF4B-00C04F79EFBC}") = "CharBot", "CharBot\CharBot.csproj", "{6D40BAA1-B50F-4FDA-A678-4478840BB54B}"
EndProject
Global
	GlobalSection(SolutionConfigurationPlatforms) = preSolution
		Debug|Any CPU = Debug|Any CPU
		Release|Any CPU = Release|Any CPU
	EndGlobalSection
	GlobalSection(ProjectConfigurationPlatforms) = postSolution
		{D80728BF-D83D-4617-87D5-AB11145C4CAF}.Debug|Any CPU.ActiveCfg = Debug|Any CPU
		{D80728BF-D83D-4617-87D5-AB11145C4CAF}.Debug|Any CPU.Build.0 = Debug|Any CPU
		{D80728BF-D83D-4617-87D5-AB11145C4CAF}.Release|Any CPU.ActiveCfg = Release|Any CPU
		{D80728BF-D83D-4617-87D5-AB11145C4CAF}.Release|Any CPU.Build.0 = Release|Any CPU
		{6D40BAA1-B50F-4FDA-A678-4478840BB54B}.Debug|Any CPU.ActiveCfg = Debug|Any CPU
		{6D40BAA1-B50F-4FDA-A678-4478840BB54B}.Debug|Any CPU.Build.0 = Debug|Any CPU
		{6D40BAA1-B50F-4FDA-A678-4478840BB54B}.Release|Any CPU.ActiveCfg = Release|Any CPU
		{6D40BAA1-B50F-4FDA-A678-4478840BB54B}.Release|Any CPU.Build.0 = Release|Any CPU
	EndGlobalSection
	GlobalSection(SolutionProperties) = preSolution
		HideSolutionNode = FALSE
	EndGlobalSection
	GlobalSection(ExtensibilityGlobals) = postSolution
		SolutionGuid = {A6BE8C92-A9F5-4A58-87FB-9C2EEF323E47}
	EndGlobalSection
EndGlobal
